memo = "512b527ce25dda503d0eba82fe4814004974533b1fbd8e7ea6581a10e5feb1d7"

[[projects]]
  name = "github.com/pmylund/go-cache"
  packages = ["."]
  revision = "1881a9bccb818787f68c52bfba648c6cf34c34fa"
  version = "v2.0.0"

[[projects]]
  branch = "v1"
  name = "gopkg.in/check.v1"
  packages = ["."]
  revision = "20d25e2804050c1cd24a7eea1e7a6447dd0e74ec"

[[projects]]
  name = "gopkg.in/flosch/pongo2.v3"
  packages = ["."]
  revision = "5e81b817a0c48c1c57cdf1a9056cf76bdee02ca9"
  version = "v3.0"
